
Microsoft Visual Studio Solution File, Format Version 12.00
Project("{2150E333-8FDC-42A3-9474-1A3956D46DE8}") = "src", "src", "{26A02E00-50FE-47CC-827F-DB822703B90B}"
EndProject
Project("{FAE04EC0-301F-11D3-BF4B-00C04F79EFBC}") = "Ithline.Extensions.Configuration.Npgsql", "src\Ithline.Extensions.Configuration.Npgsql\Ithline.Extensions.Configuration.Npgsql.csproj", "{7866A69C-9C1C-454F-8373-4A18ABBE68B7}"
EndProject
Project("{FAE04EC0-301F-11D3-BF4B-00C04F79EFBC}") = "Ithline.Extensions.Configuration.Database", "src\Ithline.Extensions.Configuration.Database\Ithline.Extensions.Configuration.Database.csproj", "{05AD15B1-351B-4BAB-962D-7F3431FD7073}"
EndProject
Global
	GlobalSection(SolutionConfigurationPlatforms) = preSolution
		Debug|Any CPU = Debug|Any CPU
		Release|Any CPU = Release|Any CPU
	EndGlobalSection
	GlobalSection(ProjectConfigurationPlatforms) = postSolution
		{7866A69C-9C1C-454F-8373-4A18ABBE68B7}.Debug|Any CPU.ActiveCfg = Debug|Any CPU
		{7866A69C-9C1C-454F-8373-4A18ABBE68B7}.Debug|Any CPU.Build.0 = Debug|Any CPU
		{7866A69C-9C1C-454F-8373-4A18ABBE68B7}.Release|Any CPU.ActiveCfg = Release|Any CPU
		{7866A69C-9C1C-454F-8373-4A18ABBE68B7}.Release|Any CPU.Build.0 = Release|Any CPU
		{05AD15B1-351B-4BAB-962D-7F3431FD7073}.Debug|Any CPU.ActiveCfg = Debug|Any CPU
		{05AD15B1-351B-4BAB-962D-7F3431FD7073}.Debug|Any CPU.Build.0 = Debug|Any CPU
		{05AD15B1-351B-4BAB-962D-7F3431FD7073}.Release|Any CPU.ActiveCfg = Release|Any CPU
		{05AD15B1-351B-4BAB-962D-7F3431FD7073}.Release|Any CPU.Build.0 = Release|Any CPU
	EndGlobalSection
	GlobalSection(NestedProjects) = preSolution
		{7866A69C-9C1C-454F-8373-4A18ABBE68B7} = {26A02E00-50FE-47CC-827F-DB822703B90B}
		{05AD15B1-351B-4BAB-962D-7F3431FD7073} = {26A02E00-50FE-47CC-827F-DB822703B90B}
	EndGlobalSection
EndGlobal
